{
  "requires": true,
  "lockfileVersion": 1,
  "dependencies": {
    "ngx-image-cropper": {
      "version": "5.0.1",
      "resolved": "https://registry.npmjs.org/ngx-image-cropper/-/ngx-image-cropper-5.0.1.tgz",
      "integrity": "sha512-WGfDJsYizOq3VE82JJkqjSjfvp+o2xrzsOwwm2rVtqNO64SvNJ8/PHP7ctkIjZmEkfjBfFE+eNZR82lLJJ+47w==",
      "requires": {
        "tslib": "^2.0.0"
      }
    },
    "ngx-webcam": {
      "version": "0.3.2",
      "resolved": "https://registry.npmjs.org/ngx-webcam/-/ngx-webcam-0.3.2.tgz",
      "integrity": "sha512-7imKrqc8b/CtLZ9g79fenCXcEwUxsi/4mdTnoSdwdbVHtU1pUmebxUNFPBEdEitiD09awGkcv2ZcgtqmJvIi8A==",
      "requires": {
        "tslib": "^2.0.0"
      }
    },
    "tslib": {
      "version": "2.3.1",
      "resolved": "https://registry.npmjs.org/tslib/-/tslib-2.3.1.tgz",
      "integrity": "sha512-77EbyPPpMz+FRFRuAFlWMtmgUWGe9UOG2Z25NqCwiIjRhOf5iKGuzSe5P2w1laq+FkRy4p+PCuVkJSGkzTEKVw=="
    }
  }
}
